
Microsoft Visual Studio Solution File, Format Version 12.00
# Visual Studio Version 16
VisualStudioVersion = 16.0.32630.194
MinimumVisualStudioVersion = 10.0.40219.1
Project("{FAE04EC0-301F-11D3-BF4B-00C04F79EFBC}") = "Proyecto Tienda 2.0", "Proyecto Tienda 2.0.csproj", "{66AB30AF-D0A0-4125-BAE6-B5255181198F}"
EndProject
Project("{FAE04EC0-301F-11D3-BF4B-00C04F79EFBC}") = "Presenter", "..\Presenter\Presenter.csproj", "{6238FF70-8AE1-4860-947F-545EE233C357}"
EndProject
Project("{FAE04EC0-301F-11D3-BF4B-00C04F79EFBC}") = "Domain", "..\Domain\Domain.csproj", "{6DF1FD25-41AA-44B2-BF05-8CAB84884887}"
EndProject
Global
	GlobalSection(SolutionConfigurationPlatforms) = preSolution
		Debug|Any CPU = Debug|Any CPU
		Release|Any CPU = Release|Any CPU
	EndGlobalSection
	GlobalSection(ProjectConfigurationPlatforms) = postSolution
		{66AB30AF-D0A0-4125-BAE6-B5255181198F}.Debug|Any CPU.ActiveCfg = Debug|Any CPU
		{66AB30AF-D0A0-4125-BAE6-B5255181198F}.Debug|Any CPU.Build.0 = Debug|Any CPU
		{66AB30AF-D0A0-4125-BAE6-B5255181198F}.Release|Any CPU.ActiveCfg = Release|Any CPU
		{66AB30AF-D0A0-4125-BAE6-B5255181198F}.Release|Any CPU.Build.0 = Release|Any CPU
		{6238FF70-8AE1-4860-947F-545EE233C357}.Debug|Any CPU.ActiveCfg = Debug|Any CPU
		{6238FF70-8AE1-4860-947F-545EE233C357}.Debug|Any CPU.Build.0 = Debug|Any CPU
		{6238FF70-8AE1-4860-947F-545EE233C357}.Release|Any CPU.ActiveCfg = Release|Any CPU
		{6238FF70-8AE1-4860-947F-545EE233C357}.Release|Any CPU.Build.0 = Release|Any CPU
		{6DF1FD25-41AA-44B2-BF05-8CAB84884887}.Debug|Any CPU.ActiveCfg = Debug|Any CPU
		{6DF1FD25-41AA-44B2-BF05-8CAB84884887}.Debug|Any CPU.Build.0 = Debug|Any CPU
		{6DF1FD25-41AA-44B2-BF05-8CAB84884887}.Release|Any CPU.ActiveCfg = Release|Any CPU
		{6DF1FD25-41AA-44B2-BF05-8CAB84884887}.Release|Any CPU.Build.0 = Release|Any CPU
	EndGlobalSection
	GlobalSection(SolutionProperties) = preSolution
		HideSolutionNode = FALSE
	EndGlobalSection
	GlobalSection(ExtensibilityGlobals) = postSolution
		SolutionGuid = {1A6ED8BD-66B0-44B3-A06F-7CD1FA06E65A}
	EndGlobalSection
EndGlobal
